// !$*UTF8*$!
{
	archiveVersion = 1;
	classes = {
	};
	objectVersion = 50;
	objects = {

/* Begin PBXBuildFile section */
		BA05275021034C660019E813 /* AppDelegate.swift in Sources */ = {isa = PBXBuildFile; fileRef = BA05274F21034C660019E813 /* AppDelegate.swift */; };
		BA05275221034C660019E813 /* ViewController.swift in Sources */ = {isa = PBXBuildFile; fileRef = BA05275121034C660019E813 /* ViewController.swift */; };
		BA05275521034C660019E813 /* Main.storyboard in Resources */ = {isa = PBXBuildFile; fileRef = BA05275321034C660019E813 /* Main.storyboard */; };
		BA05275821034C660019E813 /* MoneyTapAssignment.xcdatamodeld in Sources */ = {isa = PBXBuildFile; fileRef = BA05275621034C660019E813 /* MoneyTapAssignment.xcdatamodeld */; };
		BA05275A21034C680019E813 /* Assets.xcassets in Resources */ = {isa = PBXBuildFile; fileRef = BA05275921034C680019E813 /* Assets.xcassets */; };
		BA05275D21034C680019E813 /* LaunchScreen.storyboard in Resources */ = {isa = PBXBuildFile; fileRef = BA05275B21034C680019E813 /* LaunchScreen.storyboard */; };
		BA05276821034C680019E813 /* MoneyTapAssignmentTests.swift in Sources */ = {isa = PBXBuildFile; fileRef = BA05276721034C680019E813 /* MoneyTapAssignmentTests.swift */; };
		BA05277321034C680019E813 /* MoneyTapAssignmentUITests.swift in Sources */ = {isa = PBXBuildFile; fileRef = BA05277221034C680019E813 /* MoneyTapAssignmentUITests.swift */; };
		BA05278E210355990019E813 /* NetworkCall.swift in Sources */ = {isa = PBXBuildFile; fileRef = BA052787210355980019E813 /* NetworkCall.swift */; };
		BA052791210355990019E813 /* Reachability.swift in Sources */ = {isa = PBXBuildFile; fileRef = BA05278B210355990019E813 /* Reachability.swift */; };
		BA052794210357640019E813 /* ULReachability.swift in Sources */ = {isa = PBXBuildFile; fileRef = BA052793210357640019E813 /* ULReachability.swift */; };
		BA0527992103F0380019E813 /* SearchList.swift in Sources */ = {isa = PBXBuildFile; fileRef = BA0527982103F0380019E813 /* SearchList.swift */; };
/* End PBXBuildFile section */

/* Begin PBXContainerItemProxy section */
		BA05276421034C680019E813 /* PBXContainerItemProxy */ = {
			isa = PBXContainerItemProxy;
			containerPortal = BA05274421034C660019E813 /* Project object */;
			proxyType = 1;
			remoteGlobalIDString = BA05274B21034C660019E813;
			remoteInfo = MoneyTapAssignment;
		};
		BA05276F21034C680019E813 /* PBXContainerItemProxy */ = {
			isa = PBXContainerItemProxy;
			containerPortal = BA05274421034C660019E813 /* Project object */;
			proxyType = 1;
			remoteGlobalIDString = BA05274B21034C660019E813;
			remoteInfo = MoneyTapAssignment;
		};
/* End PBXContainerItemProxy section */

/* Begin PBXFileReference section */
		BA05274C21034C660019E813 /* MoneyTapAssignment.app */ = {isa = PBXFileReference; explicitFileType = wrapper.application; includeInIndex = 0; path = MoneyTapAssignment.app; sourceTree = BUILT_PRODUCTS_DIR; };
		BA05274F21034C660019E813 /* AppDelegate.swift */ = {isa = PBXFileReference; lastKnownFileType = sourcecode.swift; path = AppDelegate.swift; sourceTree = "<group>"; };
		BA05275121034C660019E813 /* ViewController.swift */ = {isa = PBXFileReference; lastKnownFileType = sourcecode.swift; path = ViewController.swift; sourceTree = "<group>"; };
		BA05275421034C660019E813 /* Base */ = {isa = PBXFileReference; lastKnownFileType = file.storyboard; name = Base; path = Base.lproj/Main.storyboard; sourceTree = "<group>"; };
		BA05275721034C660019E813 /* MoneyTapAssignment.xcdatamodel */ = {isa = PBXFileReference; lastKnownFileType = wrapper.xcdatamodel; path = MoneyTapAssignment.xcdatamodel; sourceTree = "<group>"; };
		BA05275921034C680019E813 /* Assets.xcassets */ = {isa = PBXFileReference; lastKnownFileType = folder.assetcatalog; path = Assets.xcassets; sourceTree = "<group>"; };
		BA05275C21034C680019E813 /* Base */ = {isa = PBXFileReference; lastKnownFileType = file.storyboard; name = Base; path = Base.lproj/LaunchScreen.storyboard; sourceTree = "<group>"; };
		BA05275E21034C680019E813 /* Info.plist */ = {isa = PBXFileReference; lastKnownFileType = text.plist.xml; path = Info.plist; sourceTree = "<group>"; };
		BA05276321034C680019E813 /* MoneyTapAssignmentTests.xctest */ = {isa = PBXFileReference; explicitFileType = wrapper.cfbundle; includeInIndex = 0; path = MoneyTapAssignmentTests.xctest; sourceTree = BUILT_PRODUCTS_DIR; };
		BA05276721034C680019E813 /* MoneyTapAssignmentTests.swift */ = {isa = PBXFileReference; lastKnownFileType = sourcecode.swift; path = MoneyTapAssignmentTests.swift; sourceTree = "<group>"; };
		BA05276921034C680019E813 /* Info.plist */ = {isa = PBXFileReference; lastKnownFileType = text.plist.xml; path = Info.plist; sourceTree = "<group>"; };
		BA05276E21034C680019E813 /* MoneyTapAssignmentUITests.xctest */ = {isa = PBXFileReference; explicitFileType = wrapper.cfbundle; includeInIndex = 0; path = MoneyTapAssignmentUITests.xctest; sourceTree = BUILT_PRODUCTS_DIR; };
		BA05277221034C680019E813 /* MoneyTapAssignmentUITests.swift */ = {isa = PBXFileReference; lastKnownFileType = sourcecode.swift; path = MoneyTapAssignmentUITests.swift; sourceTree = "<group>"; };
		BA05277421034C680019E813 /* Info.plist */ = {isa = PBXFileReference; lastKnownFileType = text.plist.xml; path = Info.plist; sourceTree = "<group>"; };
		BA052787210355980019E813 /* NetworkCall.swift */ = {isa = PBXFileReference; fileEncoding = 4; lastKnownFileType = sourcecode.swift; path = NetworkCall.swift; sourceTree = "<group>"; };
		BA05278B210355990019E813 /* Reachability.swift */ = {isa = PBXFileReference; fileEncoding = 4; lastKnownFileType = sourcecode.swift; path = Reachability.swift; sourceTree = "<group>"; };
		BA05278C210355990019E813 /* Reachability.h */ = {isa = PBXFileReference; fileEncoding = 4; lastKnownFileType = sourcecode.c.h; path = Reachability.h; sourceTree = "<group>"; };
		BA052793210357640019E813 /* ULReachability.swift */ = {isa = PBXFileReference; fileEncoding = 4; lastKnownFileType = sourcecode.swift; path = ULReachability.swift; sourceTree = "<group>"; };
		BA0527982103F0380019E813 /* SearchList.swift */ = {isa = PBXFileReference; lastKnownFileType = sourcecode.swift; path = SearchList.swift; sourceTree = "<group>"; };
/* End PBXFileReference section */

/* Begin PBXFrameworksBuildPhase section */
		BA05274921034C660019E813 /* Frameworks */ = {
			isa = PBXFrameworksBuildPhase;
			buildActionMask = 2147483647;
			files = (
			);
			runOnlyForDeploymentPostprocessing = 0;
		};
		BA05276021034C680019E813 /* Frameworks */ = {
			isa = PBXFrameworksBuildPhase;
			buildActionMask = 2147483647;
			files = (
			);
			runOnlyForDeploymentPostprocessing = 0;
		};
		BA05276B21034C680019E813 /* Frameworks */ = {
			isa = PBXFrameworksBuildPhase;
			buildActionMask = 2147483647;
			files = (
			);
			runOnlyForDeploymentPostprocessing = 0;
		};
/* End PBXFrameworksBuildPhase section */

/* Begin PBXGroup section */
		BA05274321034C660019E813 = {
			isa = PBXGroup;
			children = (
				BA05274E21034C660019E813 /* MoneyTapAssignment */,
				BA05276621034C680019E813 /* MoneyTapAssignmentTests */,
				BA05277121034C680019E813 /* MoneyTapAssignmentUITests */,
				BA05274D21034C660019E813 /* Products */,
			);
			sourceTree = "<group>";
		};
		BA05274D21034C660019E813 /* Products */ = {
			isa = PBXGroup;
			children = (
				BA05274C21034C660019E813 /* MoneyTapAssignment.app */,
				BA05276321034C680019E813 /* MoneyTapAssignmentTests.xctest */,
				BA05276E21034C680019E813 /* MoneyTapAssignmentUITests.xctest */,
			);
			name = Products;
			sourceTree = "<group>";
		};
		BA05274E21034C660019E813 /* MoneyTapAssignment */ = {
			isa = PBXGroup;
			children = (
				BA0527972103F0070019E813 /* Model */,
				BA05278A210355990019E813 /* Reachability */,
				BA052786210355980019E813 /* Webservice Manager */,
				BA05274F21034C660019E813 /* AppDelegate.swift */,
				BA05275121034C660019E813 /* ViewController.swift */,
				BA05275321034C660019E813 /* Main.storyboard */,
				BA05275921034C680019E813 /* Assets.xcassets */,
				BA05275B21034C680019E813 /* LaunchScreen.storyboard */,
				BA05275E21034C680019E813 /* Info.plist */,
				BA05275621034C660019E813 /* MoneyTapAssignment.xcdatamodeld */,
			);
			path = MoneyTapAssignment;
			sourceTree = "<group>";
		};
		BA05276621034C680019E813 /* MoneyTapAssignmentTests */ = {
			isa = PBXGroup;
			children = (
				BA05276721034C680019E813 /* MoneyTapAssignmentTests.swift */,
				BA05276921034C680019E813 /* Info.plist */,
			);
			path = MoneyTapAssignmentTests;
			sourceTree = "<group>";
		};
		BA05277121034C680019E813 /* MoneyTapAssignmentUITests */ = {
			isa = PBXGroup;
			children = (
				BA05277221034C680019E813 /* MoneyTapAssignmentUITests.swift */,
				BA05277421034C680019E813 /* Info.plist */,
			);
			path = MoneyTapAssignmentUITests;
			sourceTree = "<group>";
		};
		BA052786210355980019E813 /* Webservice Manager */ = {
			isa = PBXGroup;
			children = (
				BA052787210355980019E813 /* NetworkCall.swift */,
			);
			path = "Webservice Manager";
			sourceTree = "<group>";
		};
		BA05278A210355990019E813 /* Reachability */ = {
			isa = PBXGroup;
			children = (
				BA05278B210355990019E813 /* Reachability.swift */,
				BA05278C210355990019E813 /* Reachability.h */,
				BA052792210357640019E813 /* ULReachability */,
			);
			path = Reachability;
			sourceTree = "<group>";
		};
		BA052792210357640019E813 /* ULReachability */ = {
			isa = PBXGroup;
			children = (
				BA052793210357640019E813 /* ULReachability.swift */,
			);
			path = ULReachability;
			sourceTree = "<group>";
		};
		BA0527972103F0070019E813 /* Model */ = {
			isa = PBXGroup;
			children = (
				BA0527982103F0380019E813 /* SearchList.swift */,
			);
			path = Model;
			sourceTree = "<group>";
		};
/* End PBXGroup section */

/* Begin PBXNativeTarget section */
		BA05274B21034C660019E813 /* MoneyTapAssignment */ = {
			isa = PBXNativeTarget;
			buildConfigurationList = BA05277721034C680019E813 /* Build configuration list for PBXNativeTarget "MoneyTapAssignment" */;
			buildPhases = (
				BA05274821034C660019E813 /* Sources */,
				BA05274921034C660019E813 /* Frameworks */,
				BA05274A21034C660019E813 /* Resources */,
			);
			buildRules = (
			);
			dependencies = (
			);
			name = MoneyTapAssignment;
			productName = MoneyTapAssignment;
			productReference = BA05274C21034C660019E813 /* MoneyTapAssignment.app */;
			productType = "com.apple.product-type.application";
		};
		BA05276221034C680019E813 /* MoneyTapAssignmentTests */ = {
			isa = PBXNativeTarget;
			buildConfigurationList = BA05277A21034C680019E813 /* Build configuration list for PBXNativeTarget "MoneyTapAssignmentTests" */;
			buildPhases = (
				BA05275F21034C680019E813 /* Sources */,
				BA05276021034C680019E813 /* Frameworks */,
				BA05276121034C680019E813 /* Resources */,
			);
			buildRules = (
			);
			dependencies = (
				BA05276521034C680019E813 /* PBXTargetDependency */,
			);
			name = MoneyTapAssignmentTests;
			productName = MoneyTapAssignmentTests;
			productReference = BA05276321034C680019E813 /* MoneyTapAssignmentTests.xctest */;
			productType = "com.apple.product-type.bundle.unit-test";
		};
		BA05276D21034C680019E813 /* MoneyTapAssignmentUITests */ = {
			isa = PBXNativeTarget;
			buildConfigurationList = BA05277D21034C680019E813 /* Build configuration list for PBXNativeTarget "MoneyTapAssignmentUITests" */;
			buildPhases = (
				BA05276A21034C680019E813 /* Sources */,
				BA05276B21034C680019E813 /* Frameworks */,
				BA05276C21034C680019E813 /* Resources */,
			);
			buildRules = (
			);
			dependencies = (
				BA05277021034C680019E813 /* PBXTargetDependency */,
			);
			name = MoneyTapAssignmentUITests;
			productName = MoneyTapAssignmentUITests;
			productReference = BA05276E21034C680019E813 /* MoneyTapAssignmentUITests.xctest */;
			productType = "com.apple.product-type.bundle.ui-testing";
		};
/* End PBXNativeTarget section */

/* Begin PBXProject section */
		BA05274421034C660019E813 /* Project object */ = {
			isa = PBXProject;
			attributes = {
				LastSwiftUpdateCheck = 0940;
				LastUpgradeCheck = 0940;
				ORGANIZATIONNAME = "CE-367";
				TargetAttributes = {
					BA05274B21034C660019E813 = {
						CreatedOnToolsVersion = 9.4.1;
					};
					BA05276221034C680019E813 = {
						CreatedOnToolsVersion = 9.4.1;
						TestTargetID = BA05274B21034C660019E813;
					};
					BA05276D21034C680019E813 = {
						CreatedOnToolsVersion = 9.4.1;
						TestTargetID = BA05274B21034C660019E813;
					};
				};
			};
			buildConfigurationList = BA05274721034C660019E813 /* Build configuration list for PBXProject "MoneyTapAssignment" */;
			compatibilityVersion = "Xcode 9.3";
			developmentRegion = en;
			hasScannedForEncodings = 0;
			knownRegions = (
				en,
				Base,
			);
			mainGroup = BA05274321034C660019E813;
			productRefGroup = BA05274D21034C660019E813 /* Products */;
			projectDirPath = "";
			projectRoot = "";
			targets = (
				BA05274B21034C660019E813 /* MoneyTapAssignment */,
				BA05276221034C680019E813 /* MoneyTapAssignmentTests */,
				BA05276D21034C680019E813 /* MoneyTapAssignmentUITests */,
			);
		};
/* End PBXProject section */

/* Begin PBXResourcesBuildPhase section */
		BA05274A21034C660019E813 /* Resources */ = {
			isa = PBXResourcesBuildPhase;
			buildActionMask = 2147483647;
			files = (
				BA05275D21034C680019E813 /* LaunchScreen.storyboard in Resources */,
				BA05275A21034C680019E813 /* Assets.xcassets in Resources */,
				BA05275521034C660019E813 /* Main.storyboard in Resources */,
			);
			runOnlyForDeploymentPostprocessing = 0;
		};
		BA05276121034C680019E813 /* Resources */ = {
			isa = PBXResourcesBuildPhase;
			buildActionMask = 2147483647;
			files = (
			);
			runOnlyForDeploymentPostprocessing = 0;
		};
		BA05276C21034C680019E813 /* Resources */ = {
			isa = PBXResourcesBuildPhase;
			buildActionMask = 2147483647;
			files = (
			);
			runOnlyForDeploymentPostprocessing = 0;
		};
/* End PBXResourcesBuildPhase section */

/* Begin PBXSourcesBuildPhase section */
		BA05274821034C660019E813 /* Sources */ = {
			isa = PBXSourcesBuildPhase;
			buildActionMask = 2147483647;
			files = (
				BA052791210355990019E813 /* Reachability.swift in Sources */,
				BA052794210357640019E813 /* ULReachability.swift in Sources */,
				BA05275821034C660019E813 /* MoneyTapAssignment.xcdatamodeld in Sources */,
				BA05275221034C660019E813 /* ViewController.swift in Sources */,
				BA05278E210355990019E813 /* NetworkCall.swift in Sources */,
				BA05275021034C660019E813 /* AppDelegate.swift in Sources */,
				BA0527992103F0380019E813 /* SearchList.swift in Sources */,
			);
			runOnlyForDeploymentPostprocessing = 0;
		};
		BA05275F21034C680019E813 /* Sources */ = {
			isa = PBXSourcesBuildPhase;
			buildActionMask = 2147483647;
			files = (
				BA05276821034C680019E813 /* MoneyTapAssignmentTests.swift in Sources */,
			);
			runOnlyForDeploymentPostprocessing = 0;
		};
		BA05276A21034C680019E813 /* Sources */ = {
			isa = PBXSourcesBuildPhase;
			buildActionMask = 2147483647;
			files = (
				BA05277321034C680019E813 /* MoneyTapAssignmentUITests.swift in Sources */,
			);
			runOnlyForDeploymentPostprocessing = 0;
		};
/* End PBXSourcesBuildPhase section */

/* Begin PBXTargetDependency section */
		BA05276521034C680019E813 /* PBXTargetDependency */ = {
			isa = PBXTargetDependency;
			target = BA05274B21034C660019E813 /* MoneyTapAssignment */;
			targetProxy = BA05276421034C680019E813 /* PBXContainerItemProxy */;
		};
		BA05277021034C680019E813 /* PBXTargetDependency */ = {
			isa = PBXTargetDependency;
			target = BA05274B21034C660019E813 /* MoneyTapAssignment */;
			targetProxy = BA05276F21034C680019E813 /* PBXContainerItemProxy */;
		};
/* End PBXTargetDependency section */

/* Begin PBXVariantGroup section */
		BA05275321034C660019E813 /* Main.storyboard */ = {
			isa = PBXVariantGroup;
			children = (
				BA05275421034C660019E813 /* Base */,
			);
			name = Main.storyboard;
			sourceTree = "<group>";
		};
		BA05275B21034C680019E813 /* LaunchScreen.storyboard */ = {
			isa = PBXVariantGroup;
			children = (
				BA05275C21034C680019E813 /* Base */,
			);
			name = LaunchScreen.storyboard;
			sourceTree = "<group>";
		};
/* End PBXVariantGroup section */

/* Begin XCBuildConfiguration section */
		BA05277521034C680019E813 /* Debug */ = {
			isa = XCBuildConfiguration;
			buildSettings = {
				ALWAYS_SEARCH_USER_PATHS = NO;
				CLANG_ANALYZER_NONNULL = YES;
				CLANG_ANALYZER_NUMBER_OBJECT_CONVERSION = YES_AGGRESSIVE;
				CLANG_CXX_LANGUAGE_STANDARD = "gnu++14";
				CLANG_CXX_LIBRARY = "libc++";
				CLANG_ENABLE_MODULES = YES;
				CLANG_ENABLE_OBJC_ARC = YES;
				CLANG_ENABLE_OBJC_WEAK = YES;
				CLANG_WARN_BLOCK_CAPTURE_AUTORELEASING = YES;
				CLANG_WARN_BOOL_CONVERSION = YES;
				CLANG_WARN_COMMA = YES;
				CLANG_WARN_CONSTANT_CONVERSION = YES;
				CLANG_WARN_DEPRECATED_OBJC_IMPLEMENTATIONS = YES;
				CLANG_WARN_DIRECT_OBJC_ISA_USAGE = YES_ERROR;
				CLANG_WARN_DOCUMENTATION_COMMENTS = YES;
				CLANG_WARN_EMPTY_BODY = YES;
				CLANG_WARN_ENUM_CONVERSION = YES;
				CLANG_WARN_INFINITE_RECURSION = YES;
				CLANG_WARN_INT_CONVERSION = YES;
				CLANG_WARN_NON_LITERAL_NULL_CONVERSION = YES;
				CLANG_WARN_OBJC_IMPLICIT_RETAIN_SELF = YES;
				CLANG_WARN_OBJC_LITERAL_CONVERSION = YES;
				CLANG_WARN_OBJC_ROOT_CLASS = YES_ERROR;
				CLANG_WARN_RANGE_LOOP_ANALYSIS = YES;
				CLANG_WARN_STRICT_PROTOTYPES = YES;
				CLANG_WARN_SUSPICIOUS_MOVE = YES;
				CLANG_WARN_UNGUARDED_AVAILABILITY = YES_AGGRESSIVE;
				CLANG_WARN_UNREACHABLE_CODE = YES;
				CLANG_WARN__DUPLICATE_METHOD_MATCH = YES;
				CODE_SIGN_IDENTITY = "iPhone Developer";
				COPY_PHASE_STRIP = NO;
				DEBUG_INFORMATION_FORMAT = dwarf;
				ENABLE_STRICT_OBJC_MSGSEND = YES;
				ENABLE_TESTABILITY = YES;
				GCC_C_LANGUAGE_STANDARD = gnu11;
				GCC_DYNAMIC_NO_PIC = NO;
				GCC_NO_COMMON_BLOCKS = YES;
				GCC_OPTIMIZATION_LEVEL = 0;
				GCC_PREPROCESSOR_DEFINITIONS = (
					"DEBUG=1",
					"$(inherited)",
				);
				GCC_WARN_64_TO_32_BIT_CONVERSION = YES;
				GCC_WARN_ABOUT_RETURN_TYPE = YES_ERROR;
				GCC_WARN_UNDECLARED_SELECTOR = YES;
				GCC_WARN_UNINITIALIZED_AUTOS = YES_AGGRESSIVE;
				GCC_WARN_UNUSED_FUNCTION = YES;
				GCC_WARN_UNUSED_VARIABLE = YES;
				IPHONEOS_DEPLOYMENT_TARGET = 11.4;
				MTL_ENABLE_DEBUG_INFO = YES;
				ONLY_ACTIVE_ARCH = YES;
				SDKROOT = iphoneos;
				SWIFT_ACTIVE_COMPILATION_CONDITIONS = DEBUG;
				SWIFT_OPTIMIZATION_LEVEL = "-Onone";
			};
			name = Debug;
		};
		BA05277621034C680019E813 /* Release */ = {
			isa = XCBuildConfiguration;
			buildSettings = {
				ALWAYS_SEARCH_USER_PATHS = NO;
				CLANG_ANALYZER_NONNULL = YES;
				CLANG_ANALYZER_NUMBER_OBJECT_CONVERSION = YES_AGGRESSIVE;
				CLANG_CXX_LANGUAGE_STANDARD = "gnu++14";
				CLANG_CXX_LIBRARY = "libc++";
				CLANG_ENABLE_MODULES = YES;
				CLANG_ENABLE_OBJC_ARC = YES;
				CLANG_ENABLE_OBJC_WEAK = YES;
				CLANG_WARN_BLOCK_CAPTURE_AUTORELEASING = YES;
				CLANG_WARN_BOOL_CONVERSION = YES;
				CLANG_WARN_COMMA = YES;
				CLANG_WARN_CONSTANT_CONVERSION = YES;
				CLANG_WARN_DEPRECATED_OBJC_IMPLEMENTATIONS = YES;
				CLANG_WARN_DIRECT_OBJC_ISA_USAGE = YES_ERROR;
				CLANG_WARN_DOCUMENTATION_COMMENTS = YES;
				CLANG_WARN_EMPTY_BODY = YES;
				CLANG_WARN_ENUM_CONVERSION = YES;
				CLANG_WARN_INFINITE_RECURSION = YES;
				CLANG_WARN_INT_CONVERSION = YES;
				CLANG_WARN_NON_LITERAL_NULL_CONVERSION = YES;
				CLANG_WARN_OBJC_IMPLICIT_RETAIN_SELF = YES;
				CLANG_WARN_OBJC_LITERAL_CONVERSION = YES;
				CLANG_WARN_OBJC_ROOT_CLASS = YES_ERROR;
				CLANG_WARN_RANGE_LOOP_ANALYSIS = YES;
				CLANG_WARN_STRICT_PROTOTYPES = YES;
				CLANG_WARN_SUSPICIOUS_MOVE = YES;
				CLANG_WARN_UNGUARDED_AVAILABILITY = YES_AGGRESSIVE;
				CLANG_WARN_UNREACHABLE_CODE = YES;
				CLANG_WARN__DUPLICATE_METHOD_MATCH = YES;
				CODE_SIGN_IDENTITY = "iPhone Developer";
				COPY_PHASE_STRIP = NO;
				DEBUG_INFORMATION_FORMAT = "dwarf-with-dsym";
				ENABLE_NS_ASSERTIONS = NO;
				ENABLE_STRICT_OBJC_MSGSEND = YES;
				GCC_C_LANGUAGE_STANDARD = gnu11;
				GCC_NO_COMMON_BLOCKS = YES;
				GCC_WARN_64_TO_32_BIT_CONVERSION = YES;
				GCC_WARN_ABOUT_RETURN_TYPE = YES_ERROR;
				GCC_WARN_UNDECLARED_SELECTOR = YES;
				GCC_WARN_UNINITIALIZED_AUTOS = YES_AGGRESSIVE;
				GCC_WARN_UNUSED_FUNCTION = YES;
				GCC_WARN_UNUSED_VARIABLE = YES;
				IPHONEOS_DEPLOYMENT_TARGET = 11.4;
				MTL_ENABLE_DEBUG_INFO = NO;
				SDKROOT = iphoneos;
				SWIFT_COMPILATION_MODE = wholemodule;
				SWIFT_OPTIMIZATION_LEVEL = "-O";
				VALIDATE_PRODUCT = YES;
			};
			name = Release;
		};
		BA05277821034C680019E813 /* Debug */ = {
			isa = XCBuildConfiguration;
			buildSettings = {
				ASSETCATALOG_COMPILER_APPICON_NAME = AppIcon;
				CODE_SIGN_STYLE = Automatic;
				INFOPLIST_FILE = MoneyTapAssignment/Info.plist;
				LD_RUNPATH_SEARCH_PATHS = (
					"$(inherited)",
					"@executable_path/Frameworks",
				);
				PRODUCT_BUNDLE_IDENTIFIER = com.compassites.application.MoneyTapAssignment;
				PRODUCT_NAME = "$(TARGET_NAME)";
				SWIFT_VERSION = 4.0;
				TARGETED_DEVICE_FAMILY = "1,2";
			};
			name = Debug;
		};
		BA05277921034C680019E813 /* Release */ = {
			isa = XCBuildConfiguration;
			buildSettings = {
				ASSETCATALOG_COMPILER_APPICON_NAME = AppIcon;
				CODE_SIGN_STYLE = Automatic;
				INFOPLIST_FILE = MoneyTapAssignment/Info.plist;
				LD_RUNPATH_SEARCH_PATHS = (
					"$(inherited)",
					"@executable_path/Frameworks",
				);
				PRODUCT_BUNDLE_IDENTIFIER = com.compassites.application.MoneyTapAssignment;
				PRODUCT_NAME = "$(TARGET_NAME)";
				SWIFT_VERSION = 4.0;
				TARGETED_DEVICE_FAMILY = "1,2";
			};
			name = Release;
		};
		BA05277B21034C680019E813 /* Debug */ = {
			isa = XCBuildConfiguration;
			buildSettings = {
				ALWAYS_EMBED_SWIFT_STANDARD_LIBRARIES = YES;
				BUNDLE_LOADER = "$(TEST_HOST)";
				CODE_SIGN_STYLE = Automatic;
				INFOPLIST_FILE = MoneyTapAssignmentTests/Info.plist;
				LD_RUNPATH_SEARCH_PATHS = (
					"$(inherited)",
					"@executable_path/Frameworks",
					"@loader_path/Frameworks",
				);
				PRODUCT_BUNDLE_IDENTIFIER = com.compassites.application.MoneyTapAssignmentTests;
				PRODUCT_NAME = "$(TARGET_NAME)";
				SWIFT_VERSION = 4.0;
				TARGETED_DEVICE_FAMILY = "1,2";
				TEST_HOST = "$(BUILT_PRODUCTS_DIR)/MoneyTapAssignment.app/MoneyTapAssignment";
			};
			name = Debug;
		};
		BA05277C21034C680019E813 /* Release */ = {
			isa = XCBuildConfiguration;
			buildSettings = {
				ALWAYS_EMBED_SWIFT_STANDARD_LIBRARIES = YES;
				BUNDLE_LOADER = "$(TEST_HOST)";
				CODE_SIGN_STYLE = Automatic;
				INFOPLIST_FILE = MoneyTapAssignmentTests/Info.plist;
				LD_RUNPATH_SEARCH_PATHS = (
					"$(inherited)",
					"@executable_path/Frameworks",
					"@loader_path/Frameworks",
				);
				PRODUCT_BUNDLE_IDENTIFIER = com.compassites.application.MoneyTapAssignmentTests;
				PRODUCT_NAME = "$(TARGET_NAME)";
				SWIFT_VERSION = 4.0;
				TARGETED_DEVICE_FAMILY = "1,2";
				TEST_HOST = "$(BUILT_PRODUCTS_DIR)/MoneyTapAssignment.app/MoneyTapAssignment";
			};
			name = Release;
		};
		BA05277E21034C680019E813 /* Debug */ = {
			isa = XCBuildConfiguration;
			buildSettings = {
				ALWAYS_EMBED_SWIFT_STANDARD_LIBRARIES = YES;
				CODE_SIGN_STYLE = Automatic;
				INFOPLIST_FILE = MoneyTapAssignmentUITests/Info.plist;
				LD_RUNPATH_SEARCH_PATHS = (
					"$(inherited)",
					"@executable_path/Frameworks",
					"@loader_path/Frameworks",
				);
				PRODUCT_BUNDLE_IDENTIFIER = com.compassites.application.MoneyTapAssignmentUITests;
				PRODUCT_NAME = "$(TARGET_NAME)";
				SWIFT_VERSION = 4.0;
				TARGETED_DEVICE_FAMILY = "1,2";
				TEST_TARGET_NAME = MoneyTapAssignment;
			};
			name = Debug;
		};
		BA05277F21034C680019E813 /* Release */ = {
			isa = XCBuildConfiguration;
			buildSettings = {
				ALWAYS_EMBED_SWIFT_STANDARD_LIBRARIES = YES;
				CODE_SIGN_STYLE = Automatic;
				INFOPLIST_FILE = MoneyTapAssignmentUITests/Info.plist;
				LD_RUNPATH_SEARCH_PATHS = (
					"$(inherited)",
					"@executable_path/Frameworks",
					"@loader_path/Frameworks",
				);
				PRODUCT_BUNDLE_IDENTIFIER = com.compassites.application.MoneyTapAssignmentUITests;
				PRODUCT_NAME = "$(TARGET_NAME)";
				SWIFT_VERSION = 4.0;
				TARGETED_DEVICE_FAMILY = "1,2";
				TEST_TARGET_NAME = MoneyTapAssignment;
			};
			name = Release;
		};
/* End XCBuildConfiguration section */

/* Begin XCConfigurationList section */
		BA05274721034C660019E813 /* Build configuration list for PBXProject "MoneyTapAssignment" */ = {
			isa = XCConfigurationList;
			buildConfigurations = (
				BA05277521034C680019E813 /* Debug */,
				BA05277621034C680019E813 /* Release */,
			);
			defaultConfigurationIsVisible = 0;
			defaultConfigurationName = Release;
		};
		BA05277721034C680019E813 /* Build configuration list for PBXNativeTarget "MoneyTapAssignment" */ = {
			isa = XCConfigurationList;
			buildConfigurations = (
				BA05277821034C680019E813 /* Debug */,
				BA05277921034C680019E813 /* Release */,
			);
			defaultConfigurationIsVisible = 0;
			defaultConfigurationName = Release;
		};
		BA05277A21034C680019E813 /* Build configuration list for PBXNativeTarget "MoneyTapAssignmentTests" */ = {
			isa = XCConfigurationList;
			buildConfigurations = (
				BA05277B21034C680019E813 /* Debug */,
				BA05277C21034C680019E813 /* Release */,
			);
			defaultConfigurationIsVisible = 0;
			defaultConfigurationName = Release;
		};
		BA05277D21034C680019E813 /* Build configuration list for PBXNativeTarget "MoneyTapAssignmentUITests" */ = {
			isa = XCConfigurationList;
			buildConfigurations = (
				BA05277E21034C680019E813 /* Debug */,
				BA05277F21034C680019E813 /* Release */,
			);
			defaultConfigurationIsVisible = 0;
			defaultConfigurationName = Release;
		};
/* End XCConfigurationList section */

/* Begin XCVersionGroup section */
		BA05275621034C660019E813 /* MoneyTapAssignment.xcdatamodeld */ = {
			isa = XCVersionGroup;
			children = (
				BA05275721034C660019E813 /* MoneyTapAssignment.xcdatamodel */,
			);
			currentVersion = BA05275721034C660019E813 /* MoneyTapAssignment.xcdatamodel */;
			path = MoneyTapAssignment.xcdatamodeld;
			sourceTree = "<group>";
			versionGroupType = wrapper.xcdatamodel;
		};
/* End XCVersionGroup section */
	};
	rootObject = BA05274421034C660019E813 /* Project object */;
}
